
Microsoft Visual Studio Solution File, Format Version 12.00
# Visual Studio Version 16
VisualStudioVersion = 16.0.30011.22
MinimumVisualStudioVersion = 10.0.40219.1
Project("{8BC9CEB8-8B4A-11D0-8D11-00A0C91BC942}") = "FileOpen", "FileOpen\FileOpen.vcxproj", "{611EC302-9683-4557-8213-955EC087391F}"
EndProject
Global
	GlobalSection(SolutionConfigurationPlatforms) = preSolution
		Debug|x64 = Debug|x64
		Debug|x86 = Debug|x86
		Release|x64 = Release|x64
		Release|x86 = Release|x86
	EndGlobalSection
	GlobalSection(ProjectConfigurationPlatforms) = postSolution
		{611EC302-9683-4557-8213-955EC087391F}.Debug|x64.ActiveCfg = Debug|x64
		{611EC302-9683-4557-8213-955EC087391F}.Debug|x64.Build.0 = Debug|x64
		{611EC302-9683-4557-8213-955EC087391F}.Debug|x86.ActiveCfg = Debug|Win32
		{611EC302-9683-4557-8213-955EC087391F}.Debug|x86.Build.0 = Debug|Win32
		{611EC302-9683-4557-8213-955EC087391F}.Release|x64.ActiveCfg = Release|x64
		{611EC302-9683-4557-8213-955EC087391F}.Release|x64.Build.0 = Release|x64
		{611EC302-9683-4557-8213-955EC087391F}.Release|x86.ActiveCfg = Release|Win32
		{611EC302-9683-4557-8213-955EC087391F}.Release|x86.Build.0 = Release|Win32
	EndGlobalSection
	GlobalSection(SolutionProperties) = preSolution
		HideSolutionNode = FALSE
	EndGlobalSection
	GlobalSection(ExtensibilityGlobals) = postSolution
		SolutionGuid = {1A37DDDC-0D52-45E8-B4D8-4D7A8F2ECB0C}
	EndGlobalSection
EndGlobal
